
Microsoft Visual Studio Solution File, Format Version 12.00
# Visual Studio Version 17
VisualStudioVersion = 17.13.35825.156
MinimumVisualStudioVersion = 10.0.40219.1
Project("{FAE04EC0-301F-11D3-BF4B-00C04F79EFBC}") = "LabsRV_Articles", "LabsRV_Articles\LabsRV_Articles.csproj", "{277624CF-7F17-4AF4-81C4-FDCC8311D925}"
EndProject
Project("{FAE04EC0-301F-11D3-BF4B-00C04F79EFBC}") = "LabsRV_Discussion", "LabsRV_Discussion\LabsRV_Discussion.csproj", "{6EC49021-07BD-4FC6-8241-36108554EE4F}"
EndProject
Global
	GlobalSection(SolutionConfigurationPlatforms) = preSolution
		Debug|Any CPU = Debug|Any CPU
		Release|Any CPU = Release|Any CPU
	EndGlobalSection
	GlobalSection(ProjectConfigurationPlatforms) = postSolution
		{277624CF-7F17-4AF4-81C4-FDCC8311D925}.Debug|Any CPU.ActiveCfg = Debug|Any CPU
		{277624CF-7F17-4AF4-81C4-FDCC8311D925}.Debug|Any CPU.Build.0 = Debug|Any CPU
		{277624CF-7F17-4AF4-81C4-FDCC8311D925}.Release|Any CPU.ActiveCfg = Release|Any CPU
		{277624CF-7F17-4AF4-81C4-FDCC8311D925}.Release|Any CPU.Build.0 = Release|Any CPU
		{6EC49021-07BD-4FC6-8241-36108554EE4F}.Debug|Any CPU.ActiveCfg = Debug|Any CPU
		{6EC49021-07BD-4FC6-8241-36108554EE4F}.Debug|Any CPU.Build.0 = Debug|Any CPU
		{6EC49021-07BD-4FC6-8241-36108554EE4F}.Release|Any CPU.ActiveCfg = Release|Any CPU
		{6EC49021-07BD-4FC6-8241-36108554EE4F}.Release|Any CPU.Build.0 = Release|Any CPU
	EndGlobalSection
	GlobalSection(SolutionProperties) = preSolution
		HideSolutionNode = FALSE
	EndGlobalSection
	GlobalSection(ExtensibilityGlobals) = postSolution
		SolutionGuid = {D35802AC-89FC-4C54-9320-95CFE1B5E9EC}
	EndGlobalSection
EndGlobal
