
Microsoft Visual Studio Solution File, Format Version 12.00
Project("{FAE04EC0-301F-11D3-BF4B-00C04F79EFBC}") = "Discussion", "Discussion\Discussion.csproj", "{38C58A1B-F41C-4447-BDCD-5D19F35A3AF0}"
EndProject
Project("{FAE04EC0-301F-11D3-BF4B-00C04F79EFBC}") = "Publisher", "Publisher\Publisher.csproj", "{CAC953D8-D798-49EA-B79E-5A5EA3668314}"
EndProject
Global
	GlobalSection(SolutionConfigurationPlatforms) = preSolution
		Debug|Any CPU = Debug|Any CPU
		Release|Any CPU = Release|Any CPU
	EndGlobalSection
	GlobalSection(ProjectConfigurationPlatforms) = postSolution
		{38C58A1B-F41C-4447-BDCD-5D19F35A3AF0}.Debug|Any CPU.ActiveCfg = Debug|Any CPU
		{38C58A1B-F41C-4447-BDCD-5D19F35A3AF0}.Debug|Any CPU.Build.0 = Debug|Any CPU
		{38C58A1B-F41C-4447-BDCD-5D19F35A3AF0}.Release|Any CPU.ActiveCfg = Release|Any CPU
		{38C58A1B-F41C-4447-BDCD-5D19F35A3AF0}.Release|Any CPU.Build.0 = Release|Any CPU
		{CAC953D8-D798-49EA-B79E-5A5EA3668314}.Debug|Any CPU.ActiveCfg = Debug|Any CPU
		{CAC953D8-D798-49EA-B79E-5A5EA3668314}.Debug|Any CPU.Build.0 = Debug|Any CPU
		{CAC953D8-D798-49EA-B79E-5A5EA3668314}.Release|Any CPU.ActiveCfg = Release|Any CPU
		{CAC953D8-D798-49EA-B79E-5A5EA3668314}.Release|Any CPU.Build.0 = Release|Any CPU
	EndGlobalSection
EndGlobal
